
Microsoft Visual Studio Solution File, Format Version 12.00
# Visual Studio Version 16
VisualStudioVersion = 16.0.30011.22
MinimumVisualStudioVersion = 10.0.40219.1
Project("{FAE04EC0-301F-11D3-BF4B-00C04F79EFBC}") = "EFTempTable", "EFTempTable\EFTempTable.csproj", "{0F74AD0E-8FBF-42D9-9009-E0572BD48855}"
EndProject
Project("{FAE04EC0-301F-11D3-BF4B-00C04F79EFBC}") = "EFTempTableExample", "EFTempTableExample\EFTempTableExample.csproj", "{9F4635E6-041E-4897-ABFE-EC4247AA0044}"
EndProject
Global
	GlobalSection(SolutionConfigurationPlatforms) = preSolution
		Debug|Any CPU = Debug|Any CPU
		Release|Any CPU = Release|Any CPU
	EndGlobalSection
	GlobalSection(ProjectConfigurationPlatforms) = postSolution
		{0F74AD0E-8FBF-42D9-9009-E0572BD48855}.Debug|Any CPU.ActiveCfg = Debug|Any CPU
		{0F74AD0E-8FBF-42D9-9009-E0572BD48855}.Debug|Any CPU.Build.0 = Debug|Any CPU
		{0F74AD0E-8FBF-42D9-9009-E0572BD48855}.Release|Any CPU.ActiveCfg = Release|Any CPU
		{0F74AD0E-8FBF-42D9-9009-E0572BD48855}.Release|Any CPU.Build.0 = Release|Any CPU
		{9F4635E6-041E-4897-ABFE-EC4247AA0044}.Debug|Any CPU.ActiveCfg = Debug|Any CPU
		{9F4635E6-041E-4897-ABFE-EC4247AA0044}.Debug|Any CPU.Build.0 = Debug|Any CPU
		{9F4635E6-041E-4897-ABFE-EC4247AA0044}.Release|Any CPU.ActiveCfg = Release|Any CPU
		{9F4635E6-041E-4897-ABFE-EC4247AA0044}.Release|Any CPU.Build.0 = Release|Any CPU
	EndGlobalSection
	GlobalSection(SolutionProperties) = preSolution
		HideSolutionNode = FALSE
	EndGlobalSection
	GlobalSection(ExtensibilityGlobals) = postSolution
		SolutionGuid = {5FF065D5-76E5-48F8-80AA-587E0DCD3F28}
	EndGlobalSection
EndGlobal
